
Microsoft Visual Studio Solution File, Format Version 12.00
# Visual Studio Version 17
VisualStudioVersion = 17.7.34202.233
MinimumVisualStudioVersion = 10.0.40219.1
Project("{FAE04EC0-301F-11D3-BF4B-00C04F79EFBC}") = "git6", "git6\git6.csproj", "{A5BE99FF-9D7A-4098-BF0A-781BF48DCBC0}"
EndProject
Global
	GlobalSection(SolutionConfigurationPlatforms) = preSolution
		Debug|Any CPU = Debug|Any CPU
		Release|Any CPU = Release|Any CPU
	EndGlobalSection
	GlobalSection(ProjectConfigurationPlatforms) = postSolution
		{A5BE99FF-9D7A-4098-BF0A-781BF48DCBC0}.Debug|Any CPU.ActiveCfg = Debug|Any CPU
		{A5BE99FF-9D7A-4098-BF0A-781BF48DCBC0}.Debug|Any CPU.Build.0 = Debug|Any CPU
		{A5BE99FF-9D7A-4098-BF0A-781BF48DCBC0}.Release|Any CPU.ActiveCfg = Release|Any CPU
		{A5BE99FF-9D7A-4098-BF0A-781BF48DCBC0}.Release|Any CPU.Build.0 = Release|Any CPU
	EndGlobalSection
	GlobalSection(SolutionProperties) = preSolution
		HideSolutionNode = FALSE
	EndGlobalSection
	GlobalSection(ExtensibilityGlobals) = postSolution
		SolutionGuid = {987C7B37-F5B6-4A37-88C6-2CB5B0440B0B}
	EndGlobalSection
EndGlobal
